
Microsoft Visual Studio Solution File, Format Version 12.00
# Visual Studio 15
VisualStudioVersion = 15.0.27130.2010
MinimumVisualStudioVersion = 10.0.40219.1
Project("{FAE04EC0-301F-11D3-BF4B-00C04F79EFBC}") = "SourceMultiToolCSharp", "SourceMultiToolCSharp\SourceMultiToolCSharp.csproj", "{05431D88-6855-44D7-906A-0310B8BFC318}"
EndProject
Global
	GlobalSection(SolutionConfigurationPlatforms) = preSolution
		Debug|Any CPU = Debug|Any CPU
		Release|Any CPU = Release|Any CPU
	EndGlobalSection
	GlobalSection(ProjectConfigurationPlatforms) = postSolution
		{05431D88-6855-44D7-906A-0310B8BFC318}.Debug|Any CPU.ActiveCfg = Debug|Any CPU
		{05431D88-6855-44D7-906A-0310B8BFC318}.Debug|Any CPU.Build.0 = Debug|Any CPU
		{05431D88-6855-44D7-906A-0310B8BFC318}.Release|Any CPU.ActiveCfg = Release|Any CPU
		{05431D88-6855-44D7-906A-0310B8BFC318}.Release|Any CPU.Build.0 = Release|Any CPU
	EndGlobalSection
	GlobalSection(SolutionProperties) = preSolution
		HideSolutionNode = FALSE
	EndGlobalSection
	GlobalSection(ExtensibilityGlobals) = postSolution
		SolutionGuid = {6F05E7AE-EF3D-41B0-A1F0-052C81FEB326}
	EndGlobalSection
EndGlobal
